{
    "_meta": {
        "hash": {
            "sha256": "30db27001f351153ebbbe602f26d6958cf5b79c9c89dddbb7dae64351492ff06"
        },
        "pipfile-spec": 6,
        "requires": {
            "python_version": "3.6"
        },
        "sources": [
            {
                "name": "pypi",
                "url": "https://pypi.python.org/simple",
                "verify_ssl": true
            }
        ]
    },
    "default": {
        "dj-database-url": {
            "hashes": [
                "sha256:4aeaeb1f573c74835b0686a2b46b85990571159ffc21aa57ecd4d1e1cb334163",
                "sha256:851785365761ebe4994a921b433062309eb882fedd318e1b0fcecc607ed02da9"
            ],
            "index": "pypi",
            "version": "==0.5.0"
        },
        "django": {
            "hashes": [
                "sha256:acdcc1f61fdb0a0c82a1d3bf1879a414e7732ea894a7632af7f6d66ec7ab5bb3",
                "sha256:efbcad7ebb47daafbcead109b38a5bd519a3c3cd92c6ed0f691ff97fcdd16b45"
            ],
            "index": "pypi",
            "version": "==2.1.2"
        },
        "django-heroku": {
            "hashes": [
                "sha256:2bc690aab89eedbe01311752320a9a12e7548e3b0ed102681acc5736a41a4762",
                "sha256:6af4bc3ae4a9b55eaad6dbe5164918982d2762661aebc9f83d9fa49f6009514e"
            ],
            "index": "pypi",
            "version": "==0.3.1"
        },
        "gunicorn": {
            "hashes": [
                "sha256:aa8e0b40b4157b36a5df5e599f45c9c76d6af43845ba3b3b0efe2c70473c2471",
                "sha256:fa2662097c66f920f53f70621c6c58ca4a3c4d3434205e608e121b5b3b71f4f3"
            ],
            "index": "pypi",
            "version": "==19.9.0"
        },
        "pillow": {
            "hashes": [
                "sha256:00203f406818c3f45d47bb8fe7e67d3feddb8dcbbd45a289a1de7dd789226360",
                "sha256:0616f800f348664e694dddb0b0c88d26761dd5e9f34e1ed7b7a7d2da14b40cb7",
                "sha256:1f7908aab90c92ad85af9d2fec5fc79456a89b3adcc26314d2cde0e238bd789e",
                "sha256:2ea3517cd5779843de8a759c2349a3cd8d3893e03ab47053b66d5ec6f8bc4f93",
                "sha256:48a9f0538c91fc136b3a576bee0e7cd174773dc9920b310c21dcb5519722e82c",
                "sha256:5280ebc42641a1283b7b1f2c20e5b936692198b9dd9995527c18b794850be1a8",
                "sha256:5e34e4b5764af65551647f5cc67cf5198c1d05621781d5173b342e5e55bf023b",
                "sha256:63b120421ab85cad909792583f83b6ca3584610c2fe70751e23f606a3c2e87f0",
                "sha256:696b5e0109fe368d0057f484e2e91717b49a03f1e310f857f133a4acec9f91dd",
                "sha256:870ed021a42b1b02b5fe4a739ea735f671a84128c0a666c705db2cb9abd528eb",
                "sha256:916da1c19e4012d06a372127d7140dae894806fad67ef44330e5600d77833581",
                "sha256:9303a289fa0811e1c6abd9ddebfc770556d7c3311cb2b32eff72164ddc49bc64",
                "sha256:9577888ecc0ad7d06c3746afaba339c94d62b59da16f7a5d1cff9e491f23dace",
                "sha256:987e1c94a33c93d9b209315bfda9faa54b8edfce6438a1e93ae866ba20de5956",
                "sha256:99a3bbdbb844f4fb5d6dd59fac836a40749781c1fa63c563bc216c27aef63f60",
                "sha256:99db8dc3097ceafbcff9cb2bff384b974795edeb11d167d391a02c7bfeeb6e16",
                "sha256:a5a96cf49eb580756a44ecf12949e52f211e20bffbf5a95760ac14b1e499cd37",
                "sha256:aa6ca3eb56704cdc0d876fc6047ffd5ee960caad52452fbee0f99908a141a0ae",
                "sha256:aade5e66795c94e4a2b2624affeea8979648d1b0ae3fcee17e74e2c647fc4a8a",
                "sha256:b78905860336c1d292409e3df6ad39cc1f1c7f0964e66844bbc2ebfca434d073",
                "sha256:b92f521cdc4e4a3041cc343625b699f20b0b5f976793fb45681aac1efda565f8",
                "sha256:bfde84bbd6ae5f782206d454b67b7ee8f7f818c29b99fd02bf022fd33bab14cb",
                "sha256:c2b62d3df80e694c0e4a0ed47754c9480521e25642251b3ab1dff050a4e60409",
                "sha256:c5e2be6c263b64f6f7656e23e18a4a9980cffc671442795682e8c4e4f815dd9f",
                "sha256:c99aa3c63104e0818ec566f8ff3942fb7c7a8f35f9912cb63fd8e12318b214b2",
                "sha256:dae06620d3978da346375ebf88b9e2dd7d151335ba668c995aea9ed07af7add4",
                "sha256:db5499d0710823fa4fb88206050d46544e8f0e0136a9a5f5570b026584c8fd74",
                "sha256:f36baafd82119c4a114b9518202f2a983819101dcc14b26e43fc12cbefdce00e",
                "sha256:f52b79c8796d81391ab295b04e520bda6feed54d54931708872e8f9ae9db0ea1",
                "sha256:ff8cff01582fa1a7e533cb97f628531c4014af4b5f38e33cdcfe5eec29b6d888"
            ],
            "index": "pypi",
            "version": "==5.3.0"
        },
        "psycopg2": {
            "hashes": [
                "sha256:0b9e48a1c1505699a64ac58815ca99104aacace8321e455072cee4f7fe7b2698",
                "sha256:0f4c784e1b5a320efb434c66a50b8dd7e30a7dc047e8f45c0a8d2694bfe72781",
                "sha256:0fdbaa32c9eb09ef09d425dc154628fca6fa69d2f7c1a33f889abb7e0efb3909",
                "sha256:11fbf688d5c953c0a5ba625cc42dea9aeb2321942c7c5ed9341a68f865dc8cb1",
                "sha256:19eaac4eb25ab078bd0f28304a0cb08702d120caadfe76bb1e6846ed1f68635e",
                "sha256:3232ec1a3bf4dba97fbf9b03ce12e4b6c1d01ea3c85773903a67ced725728232",
                "sha256:36f8f9c216fcca048006f6dd60e4d3e6f406afde26cfb99e063f137070139eaf",
                "sha256:59c1a0e4f9abe970062ed35d0720935197800a7ef7a62b3a9e3a70588d9ca40b",
                "sha256:6506c5ff88750948c28d41852c09c5d2a49f51f28c6d90cbf1b6808e18c64e88",
                "sha256:6bc3e68ee16f571681b8c0b6d5c0a77bef3c589012352b3f0cf5520e674e9d01",
                "sha256:6dbbd7aabbc861eec6b910522534894d9dbb507d5819bc982032c3ea2e974f51",
                "sha256:6e737915de826650d1a5f7ff4ac6cf888a26f021a647390ca7bafdba0e85462b",
                "sha256:6ed9b2cfe85abc720e8943c1808eeffd41daa73e18b7c1e1a228b0b91f768ccc",
                "sha256:711ec617ba453fdfc66616db2520db3a6d9a891e3bf62ef9aba4c95bb4e61230",
                "sha256:844dacdf7530c5c612718cf12bc001f59b2d9329d35b495f1ff25045161aa6af",
                "sha256:86b52e146da13c896e50c5a3341a9448151f1092b1a4153e425d1e8b62fec508",
                "sha256:985c06c2a0f227131733ae58d6a541a5bc8b665e7305494782bebdb74202b793",
                "sha256:a86dfe45f4f9c55b1a2312ff20a59b30da8d39c0e8821d00018372a2a177098f",
                "sha256:aa3cd07f7f7e3183b63d48300666f920828a9dbd7d7ec53d450df2c4953687a9",
                "sha256:b1964ed645ef8317806d615d9ff006c0dadc09dfc54b99ae67f9ba7a1ec9d5d2",
                "sha256:b2abbff9e4141484bb89b96eb8eae186d77bc6d5ffbec6b01783ee5c3c467351",
                "sha256:cc33c3a90492e21713260095f02b12bee02b8d1f2c03a221d763ce04fa90e2e9",
                "sha256:d7de3bf0986d777807611c36e809b77a13bf1888f5c8db0ebf24b47a52d10726",
                "sha256:db5e3c52576cc5b93a959a03ccc3b02cb8f0af1fbbdc80645f7a215f0b864f3a",
                "sha256:e168aa795ffbb11379c942cf95bf813c7db9aa55538eb61de8c6815e092416f5",
                "sha256:e9ca911f8e2d3117e5241d5fa9aaa991cb22fb0792627eeada47425d706b5ec8",
                "sha256:eccf962d41ca46e6326b97c8fe0a6687b58dfc1a5f6540ed071ff1474cea749e",
                "sha256:efa19deae6b9e504a74347fe5e25c2cb9343766c489c2ae921b05f37338b18d1",
                "sha256:f4b0460a21f784abe17b496f66e74157a6c36116fa86da8bf6aa028b9e8ad5fe",
                "sha256:f93d508ca64d924d478fb11e272e09524698f0c581d9032e68958cfbdd41faef"
            ],
            "version": "==2.7.5"
        },
        "psycopg2-binary": {
            "hashes": [
                "sha256:02eb674e3d5810e19b4d5d00720b17130e182da1ba259dda608aaf33d787347d",
                "sha256:3a14baeabcebd4662f12f4bff03e0574a2369a2e41baf829e6fb4a24c95cf88b",
                "sha256:436a503eda41f6adb08f292f40a3784fce0a5f351b6ae7b19a911904db53af93",
                "sha256:465ff1d427ed42c31e456dbbd9edab3552be18a0edaef7450c5b3e6fee745052",
                "sha256:4a1a5ea2fa4b53191637b162873a82822d92a85a08beefe28296b8eb5cf2fea5",
                "sha256:4a4f23a08fbccbe40ecdb5384d807bcb469ea71dd87e6be2e80b036b8e6d47df",
                "sha256:77a2fc622a1f2d08a707673c9be5769d521f03d867d305f172bb417fa7882754",
                "sha256:8014c06a9ed7b78ba81beff3ae71acd78c212390f8ed839e9ce22735880bd5b4",
                "sha256:83af04029bcb4b56c852e5876fef71340dcb465fa44fc99f80bac72e10fb0b74",
                "sha256:86c0d2587f56776f25d52cca8e275adf495c8e01933fbfc2ca23b124610ab761",
                "sha256:9305d7cbc802aaefac5c75a3df725f2654797369f32b18d4d0adb382dfab6c09",
                "sha256:9b5ddbed85ec73293695d7116589d956ef0dd3fcf7bf3b2a3bc1e8e54c1d543a",
                "sha256:a3d2cc0cb0b988dbfd0d11f7fac34058b25a6ce533ed5b8e88d6cb315e77d54a",
                "sha256:ab1db8f3e96570d9f7ebc45133ce2574804b2280499baade178e163d022107b5",
                "sha256:b039f51bca1ddd70234cc3f84f94f42ad43861b931bdfb497f887c60c39a6565",
                "sha256:b287ddf4cafcfb632974907d1e7862119e36bb758228bdb07dd247553e4cdfc0",
                "sha256:b6b2b26590304d97ef2af28d153ee99ace6fe0806934f4618edfc87216c77f91",
                "sha256:c4c6004d410c77bfa5389ae9485498ce32805447a67afbfe8db0d247a5c88fa1",
                "sha256:c606bff0978ee4858d86d40f6b6ab0c4cac4474f627bd054683dc03a4fc1a366",
                "sha256:c8220c521a408b41c4f14036004a621ed0d965941286b978cd2ea2623fabd755",
                "sha256:cb07184a4bfad304831f0a88b1c13fbd8cf9fcdf1f11e71c477dd6d7b1b078a0",
                "sha256:cf3911fba0c47fc1313b5783183cda301032b14637a0b7a336766ae46998c7ee",
                "sha256:d0972f062c73956332e9681dfdb133168618f0abfecc96e89f0205ac89cd454b",
                "sha256:d1dd3eb8edd354083f5d27b968c5a17854c41347ba5a480b520be85ec1a8495c",
                "sha256:d51c7ed810fce1e50464088c37cc8da05534de8afb12a732500827ebcc480081",
                "sha256:d8940b5104588d6313315e037f0f5ed68d2e5f62ccc1c429d3cff11d2ba6de3f",
                "sha256:de4f88f823037a71ea5ef3c1041d96b8a68d73343133edda684fd42f575bd9d7"
            ],
            "index": "pypi",
            "version": "==2.7.4"
        },
        "pytz": {
            "hashes": [
                "sha256:07edfc3d4d2705a20a6e99d97f0c4b61c800b8232dc1c04d87e8554f130148dd",
                "sha256:410bcd1d6409026fbaa65d9ed33bf6dd8b1e94a499e32168acfc7b332e4095c0"
            ],
            "index": "pypi",
            "version": "==2018.3"
        },
        "whitenoise": {
            "hashes": [
                "sha256:133a92ff0ab8fb9509f77d4f7d0de493eca19c6fea973f4195d4184f888f2e02",
                "sha256:32b57d193478908a48acb66bf73e7a3c18679263e3e64bfebcfac1144a430039"
            ],
            "index": "pypi",
            "version": "==4.1"
        }
    },
    "develop": {}
}
